
Microsoft Visual Studio Solution File, Format Version 12.00
# Visual Studio 2013
VisualStudioVersion = 12.0.21005.1
MinimumVisualStudioVersion = 10.0.40219.1
Project("{8BC9CEB8-8B4A-11D0-8D11-00A0C91BC942}") = "快排非递归", "快排非递归\快排非递归.vcxproj", "{1B623A0E-B4CB-440E-A687-07B9E82FE6DF}"
EndProject
Global
	GlobalSection(SolutionConfigurationPlatforms) = preSolution
		Debug|Win32 = Debug|Win32
		Release|Win32 = Release|Win32
	EndGlobalSection
	GlobalSection(ProjectConfigurationPlatforms) = postSolution
		{1B623A0E-B4CB-440E-A687-07B9E82FE6DF}.Debug|Win32.ActiveCfg = Debug|Win32
		{1B623A0E-B4CB-440E-A687-07B9E82FE6DF}.Debug|Win32.Build.0 = Debug|Win32
		{1B623A0E-B4CB-440E-A687-07B9E82FE6DF}.Release|Win32.ActiveCfg = Release|Win32
		{1B623A0E-B4CB-440E-A687-07B9E82FE6DF}.Release|Win32.Build.0 = Release|Win32
	EndGlobalSection
	GlobalSection(SolutionProperties) = preSolution
		HideSolutionNode = FALSE
	EndGlobalSection
EndGlobal
